// !$*UTF8*$!
{
	archiveVersion = 1;
	classes = {
	};
	objectVersion = 46;
	objects = {

/* Begin PBXBuildFile section */
		730A8B261CCA28E800128D8B /* PhotoGroupViewController.swift in Sources */ = {isa = PBXBuildFile; fileRef = 730A8B251CCA28E800128D8B /* PhotoGroupViewController.swift */; };
		730A8B281CCA2F1B00128D8B /* PhotoCollectionViewController.swift in Sources */ = {isa = PBXBuildFile; fileRef = 730A8B271CCA2F1B00128D8B /* PhotoCollectionViewController.swift */; };
		734785001CCF011200C4DC3C /* PhotoBrowseViewController.swift in Sources */ = {isa = PBXBuildFile; fileRef = 734784FF1CCF011200C4DC3C /* PhotoBrowseViewController.swift */; };
		734785021CCF06BD00C4DC3C /* BrowseCollectionViewLayout.swift in Sources */ = {isa = PBXBuildFile; fileRef = 734785011CCF06BD00C4DC3C /* BrowseCollectionViewLayout.swift */; };
		734785051CCF083200C4DC3C /* BrowseCell.swift in Sources */ = {isa = PBXBuildFile; fileRef = 734785031CCF083200C4DC3C /* BrowseCell.swift */; };
		734785061CCF083200C4DC3C /* BrowseCell.xib in Resources */ = {isa = PBXBuildFile; fileRef = 734785041CCF083200C4DC3C /* BrowseCell.xib */; };
		7351F0441CC9BB4D00D458FA /* AppDelegate.swift in Sources */ = {isa = PBXBuildFile; fileRef = 7351F0431CC9BB4D00D458FA /* AppDelegate.swift */; };
		7351F0461CC9BB4D00D458FA /* ViewController.swift in Sources */ = {isa = PBXBuildFile; fileRef = 7351F0451CC9BB4D00D458FA /* ViewController.swift */; };
		7351F0491CC9BB4D00D458FA /* Main.storyboard in Resources */ = {isa = PBXBuildFile; fileRef = 7351F0471CC9BB4D00D458FA /* Main.storyboard */; };
		7351F04B1CC9BB4D00D458FA /* Assets.xcassets in Resources */ = {isa = PBXBuildFile; fileRef = 7351F04A1CC9BB4D00D458FA /* Assets.xcassets */; };
		7351F04E1CC9BB4D00D458FA /* LaunchScreen.storyboard in Resources */ = {isa = PBXBuildFile; fileRef = 7351F04C1CC9BB4D00D458FA /* LaunchScreen.storyboard */; };
		7351F0561CC9BB8300D458FA /* PopUpView.swift in Sources */ = {isa = PBXBuildFile; fileRef = 7351F0551CC9BB8300D458FA /* PopUpView.swift */; };
		7351F0591CC9BE1A00D458FA /* HerdViewCell.swift in Sources */ = {isa = PBXBuildFile; fileRef = 7351F0571CC9BE1A00D458FA /* HerdViewCell.swift */; };
		7351F05A1CC9BE1A00D458FA /* HerdViewCell.xib in Resources */ = {isa = PBXBuildFile; fileRef = 7351F0581CC9BE1A00D458FA /* HerdViewCell.xib */; };
		7351F05C1CC9BEA100D458FA /* HerdCollectionViewFlowLayout.swift in Sources */ = {isa = PBXBuildFile; fileRef = 7351F05B1CC9BEA100D458FA /* HerdCollectionViewFlowLayout.swift */; };
		73E05CDB1CCE168900293087 /* GroupPhotoCell.swift in Sources */ = {isa = PBXBuildFile; fileRef = 73E05CD91CCE168900293087 /* GroupPhotoCell.swift */; };
		73E05CDC1CCE168900293087 /* GroupPhotoCell.xib in Resources */ = {isa = PBXBuildFile; fileRef = 73E05CDA1CCE168900293087 /* GroupPhotoCell.xib */; };
		73EA1EF91CC9CC9F00EF10DB /* PhotoCell.swift in Sources */ = {isa = PBXBuildFile; fileRef = 73EA1EF71CC9CC9F00EF10DB /* PhotoCell.swift */; };
		73EA1EFA1CC9CC9F00EF10DB /* PhotoCell.xib in Resources */ = {isa = PBXBuildFile; fileRef = 73EA1EF81CC9CC9F00EF10DB /* PhotoCell.xib */; };
		73EA1EFC1CC9CE2F00EF10DB /* AssetsLibrary.framework in Frameworks */ = {isa = PBXBuildFile; fileRef = 73EA1EFB1CC9CE2F00EF10DB /* AssetsLibrary.framework */; };
		73EA1EFE1CC9CE9C00EF10DB /* PhotoAlbumMamager.swift in Sources */ = {isa = PBXBuildFile; fileRef = 73EA1EFD1CC9CE9C00EF10DB /* PhotoAlbumMamager.swift */; };
		73EA1F011CCA05E100EF10DB /* ButtonCell.swift in Sources */ = {isa = PBXBuildFile; fileRef = 73EA1EFF1CCA05E100EF10DB /* ButtonCell.swift */; };
		73EA1F021CCA05E100EF10DB /* ButtonCell.xib in Resources */ = {isa = PBXBuildFile; fileRef = 73EA1F001CCA05E100EF10DB /* ButtonCell.xib */; };
/* End PBXBuildFile section */

/* Begin PBXFileReference section */
		730A8B251CCA28E800128D8B /* PhotoGroupViewController.swift */ = {isa = PBXFileReference; fileEncoding = 4; lastKnownFileType = sourcecode.swift; path = PhotoGroupViewController.swift; sourceTree = "<group>"; };
		730A8B271CCA2F1B00128D8B /* PhotoCollectionViewController.swift */ = {isa = PBXFileReference; fileEncoding = 4; lastKnownFileType = sourcecode.swift; path = PhotoCollectionViewController.swift; sourceTree = "<group>"; };
		734784FF1CCF011200C4DC3C /* PhotoBrowseViewController.swift */ = {isa = PBXFileReference; fileEncoding = 4; lastKnownFileType = sourcecode.swift; path = PhotoBrowseViewController.swift; sourceTree = "<group>"; };
		734785011CCF06BD00C4DC3C /* BrowseCollectionViewLayout.swift */ = {isa = PBXFileReference; fileEncoding = 4; lastKnownFileType = sourcecode.swift; path = BrowseCollectionViewLayout.swift; sourceTree = "<group>"; };
		734785031CCF083200C4DC3C /* BrowseCell.swift */ = {isa = PBXFileReference; fileEncoding = 4; lastKnownFileType = sourcecode.swift; path = BrowseCell.swift; sourceTree = "<group>"; };
		734785041CCF083200C4DC3C /* BrowseCell.xib */ = {isa = PBXFileReference; fileEncoding = 4; lastKnownFileType = file.xib; path = BrowseCell.xib; sourceTree = "<group>"; };
		7351F0401CC9BB4D00D458FA /* PhotoSelectorProductSwift.app */ = {isa = PBXFileReference; explicitFileType = wrapper.application; includeInIndex = 0; path = PhotoSelectorProductSwift.app; sourceTree = BUILT_PRODUCTS_DIR; };
		7351F0431CC9BB4D00D458FA /* AppDelegate.swift */ = {isa = PBXFileReference; lastKnownFileType = sourcecode.swift; path = AppDelegate.swift; sourceTree = "<group>"; };
		7351F0451CC9BB4D00D458FA /* ViewController.swift */ = {isa = PBXFileReference; lastKnownFileType = sourcecode.swift; path = ViewController.swift; sourceTree = "<group>"; };
		7351F0481CC9BB4D00D458FA /* Base */ = {isa = PBXFileReference; lastKnownFileType = file.storyboard; name = Base; path = Base.lproj/Main.storyboard; sourceTree = "<group>"; };
		7351F04A1CC9BB4D00D458FA /* Assets.xcassets */ = {isa = PBXFileReference; lastKnownFileType = folder.assetcatalog; path = Assets.xcassets; sourceTree = "<group>"; };
		7351F04D1CC9BB4D00D458FA /* Base */ = {isa = PBXFileReference; lastKnownFileType = file.storyboard; name = Base; path = Base.lproj/LaunchScreen.storyboard; sourceTree = "<group>"; };
		7351F04F1CC9BB4D00D458FA /* Info.plist */ = {isa = PBXFileReference; lastKnownFileType = text.plist.xml; path = Info.plist; sourceTree = "<group>"; };
		7351F0551CC9BB8300D458FA /* PopUpView.swift */ = {isa = PBXFileReference; fileEncoding = 4; lastKnownFileType = sourcecode.swift; path = PopUpView.swift; sourceTree = "<group>"; };
		7351F0571CC9BE1A00D458FA /* HerdViewCell.swift */ = {isa = PBXFileReference; fileEncoding = 4; lastKnownFileType = sourcecode.swift; path = HerdViewCell.swift; sourceTree = "<group>"; };
		7351F0581CC9BE1A00D458FA /* HerdViewCell.xib */ = {isa = PBXFileReference; fileEncoding = 4; lastKnownFileType = file.xib; path = HerdViewCell.xib; sourceTree = "<group>"; };
		7351F05B1CC9BEA100D458FA /* HerdCollectionViewFlowLayout.swift */ = {isa = PBXFileReference; fileEncoding = 4; lastKnownFileType = sourcecode.swift; path = HerdCollectionViewFlowLayout.swift; sourceTree = "<group>"; };
		73E05CD91CCE168900293087 /* GroupPhotoCell.swift */ = {isa = PBXFileReference; fileEncoding = 4; lastKnownFileType = sourcecode.swift; path = GroupPhotoCell.swift; sourceTree = "<group>"; };
		73E05CDA1CCE168900293087 /* GroupPhotoCell.xib */ = {isa = PBXFileReference; fileEncoding = 4; lastKnownFileType = file.xib; path = GroupPhotoCell.xib; sourceTree = "<group>"; };
		73EA1EF71CC9CC9F00EF10DB /* PhotoCell.swift */ = {isa = PBXFileReference; fileEncoding = 4; lastKnownFileType = sourcecode.swift; path = PhotoCell.swift; sourceTree = "<group>"; };
		73EA1EF81CC9CC9F00EF10DB /* PhotoCell.xib */ = {isa = PBXFileReference; fileEncoding = 4; lastKnownFileType = file.xib; path = PhotoCell.xib; sourceTree = "<group>"; };
		73EA1EFB1CC9CE2F00EF10DB /* AssetsLibrary.framework */ = {isa = PBXFileReference; lastKnownFileType = wrapper.framework; name = AssetsLibrary.framework; path = System/Library/Frameworks/AssetsLibrary.framework; sourceTree = SDKROOT; };
		73EA1EFD1CC9CE9C00EF10DB /* PhotoAlbumMamager.swift */ = {isa = PBXFileReference; fileEncoding = 4; lastKnownFileType = sourcecode.swift; path = PhotoAlbumMamager.swift; sourceTree = "<group>"; };
		73EA1EFF1CCA05E100EF10DB /* ButtonCell.swift */ = {isa = PBXFileReference; fileEncoding = 4; lastKnownFileType = sourcecode.swift; path = ButtonCell.swift; sourceTree = "<group>"; };
		73EA1F001CCA05E100EF10DB /* ButtonCell.xib */ = {isa = PBXFileReference; fileEncoding = 4; lastKnownFileType = file.xib; path = ButtonCell.xib; sourceTree = "<group>"; };
/* End PBXFileReference section */

/* Begin PBXFrameworksBuildPhase section */
		7351F03D1CC9BB4D00D458FA /* Frameworks */ = {
			isa = PBXFrameworksBuildPhase;
			buildActionMask = 2147483647;
			files = (
				73EA1EFC1CC9CE2F00EF10DB /* AssetsLibrary.framework in Frameworks */,
			);
			runOnlyForDeploymentPostprocessing = 0;
		};
/* End PBXFrameworksBuildPhase section */

/* Begin PBXGroup section */
		7351F0371CC9BB4D00D458FA = {
			isa = PBXGroup;
			children = (
				73EA1EFB1CC9CE2F00EF10DB /* AssetsLibrary.framework */,
				7351F0421CC9BB4D00D458FA /* PhotoSelectorProductSwift */,
				7351F0411CC9BB4D00D458FA /* Products */,
			);
			sourceTree = "<group>";
		};
		7351F0411CC9BB4D00D458FA /* Products */ = {
			isa = PBXGroup;
			children = (
				7351F0401CC9BB4D00D458FA /* PhotoSelectorProductSwift.app */,
			);
			name = Products;
			sourceTree = "<group>";
		};
		7351F0421CC9BB4D00D458FA /* PhotoSelectorProductSwift */ = {
			isa = PBXGroup;
			children = (
				7351F0431CC9BB4D00D458FA /* AppDelegate.swift */,
				7351F0451CC9BB4D00D458FA /* ViewController.swift */,
				7351F0551CC9BB8300D458FA /* PopUpView.swift */,
				7351F0571CC9BE1A00D458FA /* HerdViewCell.swift */,
				7351F05B1CC9BEA100D458FA /* HerdCollectionViewFlowLayout.swift */,
				73EA1EF71CC9CC9F00EF10DB /* PhotoCell.swift */,
				73EA1EFD1CC9CE9C00EF10DB /* PhotoAlbumMamager.swift */,
				730A8B251CCA28E800128D8B /* PhotoGroupViewController.swift */,
				730A8B271CCA2F1B00128D8B /* PhotoCollectionViewController.swift */,
				73EA1EFF1CCA05E100EF10DB /* ButtonCell.swift */,
				73E05CD91CCE168900293087 /* GroupPhotoCell.swift */,
				734784FF1CCF011200C4DC3C /* PhotoBrowseViewController.swift */,
				734785011CCF06BD00C4DC3C /* BrowseCollectionViewLayout.swift */,
				734785031CCF083200C4DC3C /* BrowseCell.swift */,
				734785041CCF083200C4DC3C /* BrowseCell.xib */,
				73E05CDA1CCE168900293087 /* GroupPhotoCell.xib */,
				73EA1F001CCA05E100EF10DB /* ButtonCell.xib */,
				7351F0581CC9BE1A00D458FA /* HerdViewCell.xib */,
				73EA1EF81CC9CC9F00EF10DB /* PhotoCell.xib */,
				7351F0471CC9BB4D00D458FA /* Main.storyboard */,
				7351F04A1CC9BB4D00D458FA /* Assets.xcassets */,
				7351F04C1CC9BB4D00D458FA /* LaunchScreen.storyboard */,
				7351F04F1CC9BB4D00D458FA /* Info.plist */,
			);
			path = PhotoSelectorProductSwift;
			sourceTree = "<group>";
		};
/* End PBXGroup section */

/* Begin PBXNativeTarget section */
		7351F03F1CC9BB4D00D458FA /* PhotoSelectorProductSwift */ = {
			isa = PBXNativeTarget;
			buildConfigurationList = 7351F0521CC9BB4D00D458FA /* Build configuration list for PBXNativeTarget "PhotoSelectorProductSwift" */;
			buildPhases = (
				7351F03C1CC9BB4D00D458FA /* Sources */,
				7351F03D1CC9BB4D00D458FA /* Frameworks */,
				7351F03E1CC9BB4D00D458FA /* Resources */,
			);
			buildRules = (
			);
			dependencies = (
			);
			name = PhotoSelectorProductSwift;
			productName = PhotoSelectorProductSwift;
			productReference = 7351F0401CC9BB4D00D458FA /* PhotoSelectorProductSwift.app */;
			productType = "com.apple.product-type.application";
		};
/* End PBXNativeTarget section */

/* Begin PBXProject section */
		7351F0381CC9BB4D00D458FA /* Project object */ = {
			isa = PBXProject;
			attributes = {
				LastSwiftUpdateCheck = 0730;
				LastUpgradeCheck = 0730;
				ORGANIZATIONNAME = "温仲斌";
				TargetAttributes = {
					7351F03F1CC9BB4D00D458FA = {
						CreatedOnToolsVersion = 7.3;
						DevelopmentTeam = 6GMAX85SJ3;
					};
				};
			};
			buildConfigurationList = 7351F03B1CC9BB4D00D458FA /* Build configuration list for PBXProject "PhotoSelectorProductSwift" */;
			compatibilityVersion = "Xcode 3.2";
			developmentRegion = English;
			hasScannedForEncodings = 0;
			knownRegions = (
				en,
				Base,
			);
			mainGroup = 7351F0371CC9BB4D00D458FA;
			productRefGroup = 7351F0411CC9BB4D00D458FA /* Products */;
			projectDirPath = "";
			projectRoot = "";
			targets = (
				7351F03F1CC9BB4D00D458FA /* PhotoSelectorProductSwift */,
			);
		};
/* End PBXProject section */

/* Begin PBXResourcesBuildPhase section */
		7351F03E1CC9BB4D00D458FA /* Resources */ = {
			isa = PBXResourcesBuildPhase;
			buildActionMask = 2147483647;
			files = (
				7351F04E1CC9BB4D00D458FA /* LaunchScreen.storyboard in Resources */,
				734785061CCF083200C4DC3C /* BrowseCell.xib in Resources */,
				7351F04B1CC9BB4D00D458FA /* Assets.xcassets in Resources */,
				7351F0491CC9BB4D00D458FA /* Main.storyboard in Resources */,
				73EA1F021CCA05E100EF10DB /* ButtonCell.xib in Resources */,
				73E05CDC1CCE168900293087 /* GroupPhotoCell.xib in Resources */,
				7351F05A1CC9BE1A00D458FA /* HerdViewCell.xib in Resources */,
				73EA1EFA1CC9CC9F00EF10DB /* PhotoCell.xib in Resources */,
			);
			runOnlyForDeploymentPostprocessing = 0;
		};
/* End PBXResourcesBuildPhase section */

/* Begin PBXSourcesBuildPhase section */
		7351F03C1CC9BB4D00D458FA /* Sources */ = {
			isa = PBXSourcesBuildPhase;
			buildActionMask = 2147483647;
			files = (
				7351F05C1CC9BEA100D458FA /* HerdCollectionViewFlowLayout.swift in Sources */,
				73EA1EFE1CC9CE9C00EF10DB /* PhotoAlbumMamager.swift in Sources */,
				730A8B261CCA28E800128D8B /* PhotoGroupViewController.swift in Sources */,
				7351F0561CC9BB8300D458FA /* PopUpView.swift in Sources */,
				734785021CCF06BD00C4DC3C /* BrowseCollectionViewLayout.swift in Sources */,
				7351F0461CC9BB4D00D458FA /* ViewController.swift in Sources */,
				730A8B281CCA2F1B00128D8B /* PhotoCollectionViewController.swift in Sources */,
				7351F0441CC9BB4D00D458FA /* AppDelegate.swift in Sources */,
				73EA1EF91CC9CC9F00EF10DB /* PhotoCell.swift in Sources */,
				734785051CCF083200C4DC3C /* BrowseCell.swift in Sources */,
				73E05CDB1CCE168900293087 /* GroupPhotoCell.swift in Sources */,
				734785001CCF011200C4DC3C /* PhotoBrowseViewController.swift in Sources */,
				7351F0591CC9BE1A00D458FA /* HerdViewCell.swift in Sources */,
				73EA1F011CCA05E100EF10DB /* ButtonCell.swift in Sources */,
			);
			runOnlyForDeploymentPostprocessing = 0;
		};
/* End PBXSourcesBuildPhase section */

/* Begin PBXVariantGroup section */
		7351F0471CC9BB4D00D458FA /* Main.storyboard */ = {
			isa = PBXVariantGroup;
			children = (
				7351F0481CC9BB4D00D458FA /* Base */,
			);
			name = Main.storyboard;
			sourceTree = "<group>";
		};
		7351F04C1CC9BB4D00D458FA /* LaunchScreen.storyboard */ = {
			isa = PBXVariantGroup;
			children = (
				7351F04D1CC9BB4D00D458FA /* Base */,
			);
			name = LaunchScreen.storyboard;
			sourceTree = "<group>";
		};
/* End PBXVariantGroup section */

/* Begin XCBuildConfiguration section */
		7351F0501CC9BB4D00D458FA /* Debug */ = {
			isa = XCBuildConfiguration;
			buildSettings = {
				ALWAYS_SEARCH_USER_PATHS = NO;
				CLANG_ANALYZER_NONNULL = YES;
				CLANG_CXX_LANGUAGE_STANDARD = "gnu++0x";
				CLANG_CXX_LIBRARY = "libc++";
				CLANG_ENABLE_MODULES = YES;
				CLANG_ENABLE_OBJC_ARC = YES;
				CLANG_WARN_BOOL_CONVERSION = YES;
				CLANG_WARN_CONSTANT_CONVERSION = YES;
				CLANG_WARN_DIRECT_OBJC_ISA_USAGE = YES_ERROR;
				CLANG_WARN_EMPTY_BODY = YES;
				CLANG_WARN_ENUM_CONVERSION = YES;
				CLANG_WARN_INT_CONVERSION = YES;
				CLANG_WARN_OBJC_ROOT_CLASS = YES_ERROR;
				CLANG_WARN_UNREACHABLE_CODE = YES;
				CLANG_WARN__DUPLICATE_METHOD_MATCH = YES;
				"CODE_SIGN_IDENTITY[sdk=iphoneos*]" = "iPhone Developer";
				COPY_PHASE_STRIP = NO;
				DEBUG_INFORMATION_FORMAT = dwarf;
				ENABLE_STRICT_OBJC_MSGSEND = YES;
				ENABLE_TESTABILITY = YES;
				GCC_C_LANGUAGE_STANDARD = gnu99;
				GCC_DYNAMIC_NO_PIC = NO;
				GCC_NO_COMMON_BLOCKS = YES;
				GCC_OPTIMIZATION_LEVEL = 0;
				GCC_PREPROCESSOR_DEFINITIONS = (
					"DEBUG=1",
					"$(inherited)",
				);
				GCC_WARN_64_TO_32_BIT_CONVERSION = YES;
				GCC_WARN_ABOUT_RETURN_TYPE = YES_ERROR;
				GCC_WARN_UNDECLARED_SELECTOR = YES;
				GCC_WARN_UNINITIALIZED_AUTOS = YES_AGGRESSIVE;
				GCC_WARN_UNUSED_FUNCTION = YES;
				GCC_WARN_UNUSED_VARIABLE = YES;
				IPHONEOS_DEPLOYMENT_TARGET = 9.3;
				MTL_ENABLE_DEBUG_INFO = YES;
				ONLY_ACTIVE_ARCH = YES;
				SDKROOT = iphoneos;
				SWIFT_OPTIMIZATION_LEVEL = "-Onone";
				TARGETED_DEVICE_FAMILY = "1,2";
			};
			name = Debug;
		};
		7351F0511CC9BB4D00D458FA /* Release */ = {
			isa = XCBuildConfiguration;
			buildSettings = {
				ALWAYS_SEARCH_USER_PATHS = NO;
				CLANG_ANALYZER_NONNULL = YES;
				CLANG_CXX_LANGUAGE_STANDARD = "gnu++0x";
				CLANG_CXX_LIBRARY = "libc++";
				CLANG_ENABLE_MODULES = YES;
				CLANG_ENABLE_OBJC_ARC = YES;
				CLANG_WARN_BOOL_CONVERSION = YES;
				CLANG_WARN_CONSTANT_CONVERSION = YES;
				CLANG_WARN_DIRECT_OBJC_ISA_USAGE = YES_ERROR;
				CLANG_WARN_EMPTY_BODY = YES;
				CLANG_WARN_ENUM_CONVERSION = YES;
				CLANG_WARN_INT_CONVERSION = YES;
				CLANG_WARN_OBJC_ROOT_CLASS = YES_ERROR;
				CLANG_WARN_UNREACHABLE_CODE = YES;
				CLANG_WARN__DUPLICATE_METHOD_MATCH = YES;
				"CODE_SIGN_IDENTITY[sdk=iphoneos*]" = "iPhone Developer";
				COPY_PHASE_STRIP = NO;
				DEBUG_INFORMATION_FORMAT = "dwarf-with-dsym";
				ENABLE_NS_ASSERTIONS = NO;
				ENABLE_STRICT_OBJC_MSGSEND = YES;
				GCC_C_LANGUAGE_STANDARD = gnu99;
				GCC_NO_COMMON_BLOCKS = YES;
				GCC_WARN_64_TO_32_BIT_CONVERSION = YES;
				GCC_WARN_ABOUT_RETURN_TYPE = YES_ERROR;
				GCC_WARN_UNDECLARED_SELECTOR = YES;
				GCC_WARN_UNINITIALIZED_AUTOS = YES_AGGRESSIVE;
				GCC_WARN_UNUSED_FUNCTION = YES;
				GCC_WARN_UNUSED_VARIABLE = YES;
				IPHONEOS_DEPLOYMENT_TARGET = 9.3;
				MTL_ENABLE_DEBUG_INFO = NO;
				SDKROOT = iphoneos;
				TARGETED_DEVICE_FAMILY = "1,2";
				VALIDATE_PRODUCT = YES;
			};
			name = Release;
		};
		7351F0531CC9BB4D00D458FA /* Debug */ = {
			isa = XCBuildConfiguration;
			buildSettings = {
				ASSETCATALOG_COMPILER_APPICON_NAME = AppIcon;
				INFOPLIST_FILE = PhotoSelectorProductSwift/Info.plist;
				LD_RUNPATH_SEARCH_PATHS = "$(inherited) @executable_path/Frameworks";
				PRODUCT_BUNDLE_IDENTIFIER = wenzhongbin.PhotoSelectorProductSwift;
				PRODUCT_NAME = "$(TARGET_NAME)";
			};
			name = Debug;
		};
		7351F0541CC9BB4D00D458FA /* Release */ = {
			isa = XCBuildConfiguration;
			buildSettings = {
				ASSETCATALOG_COMPILER_APPICON_NAME = AppIcon;
				INFOPLIST_FILE = PhotoSelectorProductSwift/Info.plist;
				LD_RUNPATH_SEARCH_PATHS = "$(inherited) @executable_path/Frameworks";
				PRODUCT_BUNDLE_IDENTIFIER = wenzhongbin.PhotoSelectorProductSwift;
				PRODUCT_NAME = "$(TARGET_NAME)";
			};
			name = Release;
		};
/* End XCBuildConfiguration section */

/* Begin XCConfigurationList section */
		7351F03B1CC9BB4D00D458FA /* Build configuration list for PBXProject "PhotoSelectorProductSwift" */ = {
			isa = XCConfigurationList;
			buildConfigurations = (
				7351F0501CC9BB4D00D458FA /* Debug */,
				7351F0511CC9BB4D00D458FA /* Release */,
			);
			defaultConfigurationIsVisible = 0;
			defaultConfigurationName = Release;
		};
		7351F0521CC9BB4D00D458FA /* Build configuration list for PBXNativeTarget "PhotoSelectorProductSwift" */ = {
			isa = XCConfigurationList;
			buildConfigurations = (
				7351F0531CC9BB4D00D458FA /* Debug */,
				7351F0541CC9BB4D00D458FA /* Release */,
			);
			defaultConfigurationIsVisible = 0;
			defaultConfigurationName = Release;
		};
/* End XCConfigurationList section */
	};
	rootObject = 7351F0381CC9BB4D00D458FA /* Project object */;
}
